
Microsoft Visual Studio Solution File, Format Version 12.00
# Visual Studio Version 17
VisualStudioVersion = 17.4.33122.133
MinimumVisualStudioVersion = 10.0.40219.1
Project("{FAE04EC0-301F-11D3-BF4B-00C04F79EFBC}") = "calendar", "calendar\calendar.csproj", "{C7B52D49-D660-4B98-8924-42B4FEF2D1EA}"
EndProject
Global
	GlobalSection(SolutionConfigurationPlatforms) = preSolution
		Debug|Any CPU = Debug|Any CPU
		Release|Any CPU = Release|Any CPU
	EndGlobalSection
	GlobalSection(ProjectConfigurationPlatforms) = postSolution
		{C7B52D49-D660-4B98-8924-42B4FEF2D1EA}.Debug|Any CPU.ActiveCfg = Debug|Any CPU
		{C7B52D49-D660-4B98-8924-42B4FEF2D1EA}.Debug|Any CPU.Build.0 = Debug|Any CPU
		{C7B52D49-D660-4B98-8924-42B4FEF2D1EA}.Release|Any CPU.ActiveCfg = Release|Any CPU
		{C7B52D49-D660-4B98-8924-42B4FEF2D1EA}.Release|Any CPU.Build.0 = Release|Any CPU
	EndGlobalSection
	GlobalSection(SolutionProperties) = preSolution
		HideSolutionNode = FALSE
	EndGlobalSection
	GlobalSection(ExtensibilityGlobals) = postSolution
		SolutionGuid = {329A007D-FF5D-49F3-B0B2-6D65E13057A5}
	EndGlobalSection
EndGlobal
